
Microsoft Visual Studio Solution File, Format Version 12.00
# Visual Studio Version 16
VisualStudioVersion = 16.0.30611.23
MinimumVisualStudioVersion = 10.0.40219.1
Project("{FAE04EC0-301F-11D3-BF4B-00C04F79EFBC}") = "Program4", "Program4\Program4.csproj", "{D9D68592-66DA-48E6-843C-0608998FDF83}"
EndProject
Global
	GlobalSection(SolutionConfigurationPlatforms) = preSolution
		Debug|Any CPU = Debug|Any CPU
		Release|Any CPU = Release|Any CPU
	EndGlobalSection
	GlobalSection(ProjectConfigurationPlatforms) = postSolution
		{D9D68592-66DA-48E6-843C-0608998FDF83}.Debug|Any CPU.ActiveCfg = Debug|Any CPU
		{D9D68592-66DA-48E6-843C-0608998FDF83}.Debug|Any CPU.Build.0 = Debug|Any CPU
		{D9D68592-66DA-48E6-843C-0608998FDF83}.Release|Any CPU.ActiveCfg = Release|Any CPU
		{D9D68592-66DA-48E6-843C-0608998FDF83}.Release|Any CPU.Build.0 = Release|Any CPU
	EndGlobalSection
	GlobalSection(SolutionProperties) = preSolution
		HideSolutionNode = FALSE
	EndGlobalSection
	GlobalSection(ExtensibilityGlobals) = postSolution
		SolutionGuid = {25198D97-66FC-434C-AD58-23E7ED764B62}
	EndGlobalSection
EndGlobal
